
Microsoft Visual Studio Solution File, Format Version 12.00
# Visual Studio Version 16
VisualStudioVersion = 16.0.29806.167
MinimumVisualStudioVersion = 10.0.40219.1
Project("{FAE04EC0-301F-11D3-BF4B-00C04F79EFBC}") = "OverrideBack.Android", "OverrideBack\OverrideBack.Android\OverrideBack.Android.csproj", "{C1F14CB1-45D5-4F72-837C-3542FA1FBEE1}"
EndProject
Project("{FAE04EC0-301F-11D3-BF4B-00C04F79EFBC}") = "OverrideBack", "OverrideBack\OverrideBack\OverrideBack.csproj", "{91536CEE-E8D8-4A0F-8280-A8839F5A5E56}"
EndProject
Global
	GlobalSection(SolutionConfigurationPlatforms) = preSolution
		Debug|Any CPU = Debug|Any CPU
		Release|Any CPU = Release|Any CPU
	EndGlobalSection
	GlobalSection(ProjectConfigurationPlatforms) = postSolution
		{C1F14CB1-45D5-4F72-837C-3542FA1FBEE1}.Debug|Any CPU.ActiveCfg = Debug|Any CPU
		{C1F14CB1-45D5-4F72-837C-3542FA1FBEE1}.Debug|Any CPU.Build.0 = Debug|Any CPU
		{C1F14CB1-45D5-4F72-837C-3542FA1FBEE1}.Debug|Any CPU.Deploy.0 = Debug|Any CPU
		{C1F14CB1-45D5-4F72-837C-3542FA1FBEE1}.Release|Any CPU.ActiveCfg = Release|Any CPU
		{C1F14CB1-45D5-4F72-837C-3542FA1FBEE1}.Release|Any CPU.Build.0 = Release|Any CPU
		{C1F14CB1-45D5-4F72-837C-3542FA1FBEE1}.Release|Any CPU.Deploy.0 = Release|Any CPU
		{91536CEE-E8D8-4A0F-8280-A8839F5A5E56}.Debug|Any CPU.ActiveCfg = Debug|Any CPU
		{91536CEE-E8D8-4A0F-8280-A8839F5A5E56}.Debug|Any CPU.Build.0 = Debug|Any CPU
		{91536CEE-E8D8-4A0F-8280-A8839F5A5E56}.Debug|Any CPU.Deploy.0 = Debug|Any CPU
		{91536CEE-E8D8-4A0F-8280-A8839F5A5E56}.Release|Any CPU.ActiveCfg = Release|Any CPU
		{91536CEE-E8D8-4A0F-8280-A8839F5A5E56}.Release|Any CPU.Build.0 = Release|Any CPU
		{91536CEE-E8D8-4A0F-8280-A8839F5A5E56}.Release|Any CPU.Deploy.0 = Release|Any CPU
	EndGlobalSection
	GlobalSection(SolutionProperties) = preSolution
		HideSolutionNode = FALSE
	EndGlobalSection
	GlobalSection(ExtensibilityGlobals) = postSolution
		SolutionGuid = {827E5BE6-0EB7-4CA6-8871-66A8D07421DB}
	EndGlobalSection
EndGlobal
